
Microsoft Visual Studio Solution File, Format Version 12.00
# Visual Studio 15
VisualStudioVersion = 15.0.27428.2015
MinimumVisualStudioVersion = 10.0.40219.1
Project("{FAE04EC0-301F-11D3-BF4B-00C04F79EFBC}") = "Collections", "Collections\Collections.csproj", "{7FD02B65-DB96-476C-A221-28E889D67FCE}"
EndProject
Global
	GlobalSection(SolutionConfigurationPlatforms) = preSolution
		Debug|Any CPU = Debug|Any CPU
		Release|Any CPU = Release|Any CPU
	EndGlobalSection
	GlobalSection(ProjectConfigurationPlatforms) = postSolution
		{7FD02B65-DB96-476C-A221-28E889D67FCE}.Debug|Any CPU.ActiveCfg = Debug|Any CPU
		{7FD02B65-DB96-476C-A221-28E889D67FCE}.Debug|Any CPU.Build.0 = Debug|Any CPU
		{7FD02B65-DB96-476C-A221-28E889D67FCE}.Release|Any CPU.ActiveCfg = Release|Any CPU
		{7FD02B65-DB96-476C-A221-28E889D67FCE}.Release|Any CPU.Build.0 = Release|Any CPU
	EndGlobalSection
	GlobalSection(SolutionProperties) = preSolution
		HideSolutionNode = FALSE
	EndGlobalSection
	GlobalSection(ExtensibilityGlobals) = postSolution
		SolutionGuid = {F4BF34F2-D954-4A12-98FF-510BE9790AC2}
	EndGlobalSection
EndGlobal
